
Microsoft Visual Studio Solution File, Format Version 11.00
# Visual Studio 2010
# SharpDevelop 5.1
Project("{FAE04EC0-301F-11D3-BF4B-00C04F79EFBC}") = "aaa", "aaa\aaa.csproj", "{DB742990-9ABF-475A-8AD6-AAF5BBBAEADA}"
EndProject
Global
	GlobalSection(SolutionConfigurationPlatforms) = preSolution
		Debug|Any CPU = Debug|Any CPU
		Release|Any CPU = Release|Any CPU
	EndGlobalSection
	GlobalSection(ProjectConfigurationPlatforms) = postSolution
		{DB742990-9ABF-475A-8AD6-AAF5BBBAEADA}.Debug|Any CPU.ActiveCfg = Debug|Any CPU
		{DB742990-9ABF-475A-8AD6-AAF5BBBAEADA}.Debug|Any CPU.Build.0 = Debug|Any CPU
		{DB742990-9ABF-475A-8AD6-AAF5BBBAEADA}.Release|Any CPU.ActiveCfg = Release|Any CPU
		{DB742990-9ABF-475A-8AD6-AAF5BBBAEADA}.Release|Any CPU.Build.0 = Release|Any CPU
	EndGlobalSection
EndGlobal
